
Microsoft Visual Studio Solution File, Format Version 12.00
# Visual Studio Version 17
VisualStudioVersion = 17.14.35906.104
MinimumVisualStudioVersion = 10.0.40219.1
Project("{FAE04EC0-301F-11D3-BF4B-00C04F79EFBC}") = "Nucleus.AppHost", "Nucleus.AppHost\Nucleus.AppHost.csproj", "{BC1AAE3A-D2F7-46DE-BB22-30B241EFA76B}"
EndProject
Project("{FAE04EC0-301F-11D3-BF4B-00C04F79EFBC}") = "Nucleus.ServiceDefaults", "Nucleus.ServiceDefaults\Nucleus.ServiceDefaults.csproj", "{B5C9501C-9D87-B657-FA8A-7749B312B10F}"
EndProject
Project("{FAE04EC0-301F-11D3-BF4B-00C04F79EFBC}") = "Nucleus.ApiService", "Nucleus.ApiService\Nucleus.ApiService.csproj", "{E3B6F934-B6A7-163E-45E5-1EDD2CAB6CD5}"
EndProject
Project("{FAE04EC0-301F-11D3-BF4B-00C04F79EFBC}") = "Nucleus.Console", "Nucleus.Console\Nucleus.Console.csproj", "{BE9E7224-A010-4E53-A464-AC47105A6F0D}"
EndProject
Project("{FAE04EC0-301F-11D3-BF4B-00C04F79EFBC}") = "Nucleus.Processing", "Nucleus.Processing\Nucleus.Processing.csproj", "{F419D325-AF97-4B1F-8162-C2288D2E48A9}"
EndProject
Project("{FAE04EC0-301F-11D3-BF4B-00C04F79EFBC}") = "Nucleus.Abstractions", "Nucleus.Abstractions\Nucleus.Abstractions.csproj", "{5B287949-4290-0E31-01F7-076A42580039}"
EndProject
Project("{FAE04EC0-301F-11D3-BF4B-00C04F79EFBC}") = "Nucleus.Personas.Core", "Nucleus.Personas.Core\Nucleus.Personas.Core.csproj", "{23D6B0BD-8189-A2E8-5751-8B01D1DFDBF0}"
EndProject
Global
	GlobalSection(SolutionConfigurationPlatforms) = preSolution
		Debug|Any CPU = Debug|Any CPU
		Debug|x64 = Debug|x64
		Debug|x86 = Debug|x86
		Release|Any CPU = Release|Any CPU
		Release|x64 = Release|x64
		Release|x86 = Release|x86
	EndGlobalSection
	GlobalSection(ProjectConfigurationPlatforms) = postSolution
		{BC1AAE3A-D2F7-46DE-BB22-30B241EFA76B}.Debug|Any CPU.ActiveCfg = Debug|Any CPU
		{BC1AAE3A-D2F7-46DE-BB22-30B241EFA76B}.Debug|Any CPU.Build.0 = Debug|Any CPU
		{BC1AAE3A-D2F7-46DE-BB22-30B241EFA76B}.Debug|x64.ActiveCfg = Debug|Any CPU
		{BC1AAE3A-D2F7-46DE-BB22-30B241EFA76B}.Debug|x64.Build.0 = Debug|Any CPU
		{BC1AAE3A-D2F7-46DE-BB22-30B241EFA76B}.Debug|x86.ActiveCfg = Debug|Any CPU
		{BC1AAE3A-D2F7-46DE-BB22-30B241EFA76B}.Debug|x86.Build.0 = Debug|Any CPU
		{BC1AAE3A-D2F7-46DE-BB22-30B241EFA76B}.Release|Any CPU.ActiveCfg = Release|Any CPU
		{BC1AAE3A-D2F7-46DE-BB22-30B241EFA76B}.Release|Any CPU.Build.0 = Release|Any CPU
		{BC1AAE3A-D2F7-46DE-BB22-30B241EFA76B}.Release|x64.ActiveCfg = Release|Any CPU
		{BC1AAE3A-D2F7-46DE-BB22-30B241EFA76B}.Release|x64.Build.0 = Release|Any CPU
		{BC1AAE3A-D2F7-46DE-BB22-30B241EFA76B}.Release|x86.ActiveCfg = Release|Any CPU
		{BC1AAE3A-D2F7-46DE-BB22-30B241EFA76B}.Release|x86.Build.0 = Release|Any CPU
		{B5C9501C-9D87-B657-FA8A-7749B312B10F}.Debug|Any CPU.ActiveCfg = Debug|Any CPU
		{B5C9501C-9D87-B657-FA8A-7749B312B10F}.Debug|Any CPU.Build.0 = Debug|Any CPU
		{B5C9501C-9D87-B657-FA8A-7749B312B10F}.Debug|x64.ActiveCfg = Debug|Any CPU
		{B5C9501C-9D87-B657-FA8A-7749B312B10F}.Debug|x64.Build.0 = Debug|Any CPU
		{B5C9501C-9D87-B657-FA8A-7749B312B10F}.Debug|x86.ActiveCfg = Debug|Any CPU
		{B5C9501C-9D87-B657-FA8A-7749B312B10F}.Debug|x86.Build.0 = Debug|Any CPU
		{B5C9501C-9D87-B657-FA8A-7749B312B10F}.Release|Any CPU.ActiveCfg = Release|Any CPU
		{B5C9501C-9D87-B657-FA8A-7749B312B10F}.Release|Any CPU.Build.0 = Release|Any CPU
		{B5C9501C-9D87-B657-FA8A-7749B312B10F}.Release|x64.ActiveCfg = Release|Any CPU
		{B5C9501C-9D87-B657-FA8A-7749B312B10F}.Release|x64.Build.0 = Release|Any CPU
		{B5C9501C-9D87-B657-FA8A-7749B312B10F}.Release|x86.ActiveCfg = Release|Any CPU
		{B5C9501C-9D87-B657-FA8A-7749B312B10F}.Release|x86.Build.0 = Release|Any CPU
		{E3B6F934-B6A7-163E-45E5-1EDD2CAB6CD5}.Debug|Any CPU.ActiveCfg = Debug|Any CPU
		{E3B6F934-B6A7-163E-45E5-1EDD2CAB6CD5}.Debug|Any CPU.Build.0 = Debug|Any CPU
		{E3B6F934-B6A7-163E-45E5-1EDD2CAB6CD5}.Debug|x64.ActiveCfg = Debug|Any CPU
		{E3B6F934-B6A7-163E-45E5-1EDD2CAB6CD5}.Debug|x64.Build.0 = Debug|Any CPU
		{E3B6F934-B6A7-163E-45E5-1EDD2CAB6CD5}.Debug|x86.ActiveCfg = Debug|Any CPU
		{E3B6F934-B6A7-163E-45E5-1EDD2CAB6CD5}.Debug|x86.Build.0 = Debug|Any CPU
		{E3B6F934-B6A7-163E-45E5-1EDD2CAB6CD5}.Release|Any CPU.ActiveCfg = Release|Any CPU
		{E3B6F934-B6A7-163E-45E5-1EDD2CAB6CD5}.Release|Any CPU.Build.0 = Release|Any CPU
		{E3B6F934-B6A7-163E-45E5-1EDD2CAB6CD5}.Release|x64.ActiveCfg = Release|Any CPU
		{E3B6F934-B6A7-163E-45E5-1EDD2CAB6CD5}.Release|x64.Build.0 = Release|Any CPU
		{E3B6F934-B6A7-163E-45E5-1EDD2CAB6CD5}.Release|x86.ActiveCfg = Release|Any CPU
		{E3B6F934-B6A7-163E-45E5-1EDD2CAB6CD5}.Release|x86.Build.0 = Release|Any CPU
		{BE9E7224-A010-4E53-A464-AC47105A6F0D}.Debug|Any CPU.ActiveCfg = Debug|Any CPU
		{BE9E7224-A010-4E53-A464-AC47105A6F0D}.Debug|Any CPU.Build.0 = Debug|Any CPU
		{BE9E7224-A010-4E53-A464-AC47105A6F0D}.Debug|x64.ActiveCfg = Debug|Any CPU
		{BE9E7224-A010-4E53-A464-AC47105A6F0D}.Debug|x64.Build.0 = Debug|Any CPU
		{BE9E7224-A010-4E53-A464-AC47105A6F0D}.Debug|x86.ActiveCfg = Debug|Any CPU
		{BE9E7224-A010-4E53-A464-AC47105A6F0D}.Debug|x86.Build.0 = Debug|Any CPU
		{BE9E7224-A010-4E53-A464-AC47105A6F0D}.Release|Any CPU.ActiveCfg = Release|Any CPU
		{BE9E7224-A010-4E53-A464-AC47105A6F0D}.Release|Any CPU.Build.0 = Release|Any CPU
		{BE9E7224-A010-4E53-A464-AC47105A6F0D}.Release|x64.ActiveCfg = Release|Any CPU
		{BE9E7224-A010-4E53-A464-AC47105A6F0D}.Release|x64.Build.0 = Release|Any CPU
		{BE9E7224-A010-4E53-A464-AC47105A6F0D}.Release|x86.ActiveCfg = Release|Any CPU
		{BE9E7224-A010-4E53-A464-AC47105A6F0D}.Release|x86.Build.0 = Release|Any CPU
		{F419D325-AF97-4B1F-8162-C2288D2E48A9}.Debug|Any CPU.ActiveCfg = Debug|Any CPU
		{F419D325-AF97-4B1F-8162-C2288D2E48A9}.Debug|Any CPU.Build.0 = Debug|Any CPU
		{F419D325-AF97-4B1F-8162-C2288D2E48A9}.Debug|x64.ActiveCfg = Debug|Any CPU
		{F419D325-AF97-4B1F-8162-C2288D2E48A9}.Debug|x64.Build.0 = Debug|Any CPU
		{F419D325-AF97-4B1F-8162-C2288D2E48A9}.Debug|x86.ActiveCfg = Debug|Any CPU
		{F419D325-AF97-4B1F-8162-C2288D2E48A9}.Debug|x86.Build.0 = Debug|Any CPU
		{F419D325-AF97-4B1F-8162-C2288D2E48A9}.Release|Any CPU.ActiveCfg = Release|Any CPU
		{F419D325-AF97-4B1F-8162-C2288D2E48A9}.Release|Any CPU.Build.0 = Release|Any CPU
		{F419D325-AF97-4B1F-8162-C2288D2E48A9}.Release|x64.ActiveCfg = Release|Any CPU
		{F419D325-AF97-4B1F-8162-C2288D2E48A9}.Release|x64.Build.0 = Release|Any CPU
		{F419D325-AF97-4B1F-8162-C2288D2E48A9}.Release|x86.ActiveCfg = Release|Any CPU
		{F419D325-AF97-4B1F-8162-C2288D2E48A9}.Release|x86.Build.0 = Release|Any CPU
		{5B287949-4290-0E31-01F7-076A42580039}.Debug|Any CPU.ActiveCfg = Debug|Any CPU
		{5B287949-4290-0E31-01F7-076A42580039}.Debug|Any CPU.Build.0 = Debug|Any CPU
		{5B287949-4290-0E31-01F7-076A42580039}.Debug|x64.ActiveCfg = Debug|Any CPU
		{5B287949-4290-0E31-01F7-076A42580039}.Debug|x64.Build.0 = Debug|Any CPU
		{5B287949-4290-0E31-01F7-076A42580039}.Debug|x86.ActiveCfg = Debug|Any CPU
		{5B287949-4290-0E31-01F7-076A42580039}.Debug|x86.Build.0 = Debug|Any CPU
		{5B287949-4290-0E31-01F7-076A42580039}.Release|Any CPU.ActiveCfg = Release|Any CPU
		{5B287949-4290-0E31-01F7-076A42580039}.Release|Any CPU.Build.0 = Release|Any CPU
		{5B287949-4290-0E31-01F7-076A42580039}.Release|x64.ActiveCfg = Release|Any CPU
		{5B287949-4290-0E31-01F7-076A42580039}.Release|x64.Build.0 = Release|Any CPU
		{5B287949-4290-0E31-01F7-076A42580039}.Release|x86.ActiveCfg = Release|Any CPU
		{5B287949-4290-0E31-01F7-076A42580039}.Release|x86.Build.0 = Release|Any CPU
		{23D6B0BD-8189-A2E8-5751-8B01D1DFDBF0}.Debug|Any CPU.ActiveCfg = Debug|Any CPU
		{23D6B0BD-8189-A2E8-5751-8B01D1DFDBF0}.Debug|Any CPU.Build.0 = Debug|Any CPU
		{23D6B0BD-8189-A2E8-5751-8B01D1DFDBF0}.Debug|x64.ActiveCfg = Debug|Any CPU
		{23D6B0BD-8189-A2E8-5751-8B01D1DFDBF0}.Debug|x64.Build.0 = Debug|Any CPU
		{23D6B0BD-8189-A2E8-5751-8B01D1DFDBF0}.Debug|x86.ActiveCfg = Debug|Any CPU
		{23D6B0BD-8189-A2E8-5751-8B01D1DFDBF0}.Debug|x86.Build.0 = Debug|Any CPU
		{23D6B0BD-8189-A2E8-5751-8B01D1DFDBF0}.Release|Any CPU.ActiveCfg = Release|Any CPU
		{23D6B0BD-8189-A2E8-5751-8B01D1DFDBF0}.Release|Any CPU.Build.0 = Release|Any CPU
		{23D6B0BD-8189-A2E8-5751-8B01D1DFDBF0}.Release|x64.ActiveCfg = Release|Any CPU
		{23D6B0BD-8189-A2E8-5751-8B01D1DFDBF0}.Release|x64.Build.0 = Release|Any CPU
		{23D6B0BD-8189-A2E8-5751-8B01D1DFDBF0}.Release|x86.ActiveCfg = Release|Any CPU
		{23D6B0BD-8189-A2E8-5751-8B01D1DFDBF0}.Release|x86.Build.0 = Release|Any CPU
	EndGlobalSection
	GlobalSection(SolutionProperties) = preSolution
		HideSolutionNode = FALSE
	EndGlobalSection
	GlobalSection(ExtensibilityGlobals) = postSolution
		SolutionGuid = {0C252295-6822-4B83-8E95-09A23E34CA75}
	EndGlobalSection
EndGlobal
